
Microsoft Visual Studio Solution File, Format Version 9.00
# Visual Studio 2005
Project("{FAE04EC0-301F-11D3-BF4B-00C04F79EFBC}") = "Customer", "Customer.csproj", "{BCDC29DC-E929-4FD0-9971-D22EEF0AFD8D}"
EndProject
Global
	GlobalSection(SolutionConfigurationPlatforms) = preSolution
		Debug|Any CPU = Debug|Any CPU
		Release|Any CPU = Release|Any CPU
	EndGlobalSection
	GlobalSection(ProjectConfigurationPlatforms) = postSolution
		{BCDC29DC-E929-4FD0-9971-D22EEF0AFD8D}.Debug|Any CPU.ActiveCfg = Debug|Any CPU
		{BCDC29DC-E929-4FD0-9971-D22EEF0AFD8D}.Debug|Any CPU.Build.0 = Debug|Any CPU
		{BCDC29DC-E929-4FD0-9971-D22EEF0AFD8D}.Release|Any CPU.ActiveCfg = Release|Any CPU
		{BCDC29DC-E929-4FD0-9971-D22EEF0AFD8D}.Release|Any CPU.Build.0 = Release|Any CPU
	EndGlobalSection
	GlobalSection(SolutionProperties) = preSolution
		HideSolutionNode = FALSE
	EndGlobalSection
EndGlobal
